{
  "pins" : [
    {
      "identity" : "socketrocket",
      "kind" : "remoteSourceControl",
      "location" : "https://github.com/apeun-gidaechi/SocketRocket.git",
      "state" : {
        "revision" : "ea0fca73f6444c29fd847ebd8a2fc5abadef093f",
        "version" : "1.0.1"
      }
    }
  ],
  "version" : 2
}
